{
  "name": "readwords",
  "version": "1.0.0",
  "lockfileVersion": 1,
  "requires": true,
  "dependencies": {
    "censorify-alexgrandlex": {
      "version": "0.0.1",
      "resolved": "https://registry.npmjs.org/censorify-alexgrandlex/-/censorify-alexgrandlex-0.0.1.tgz",
      "integrity": "sha512-1Nk1py/Tfg+EKALYjynBf18xEFSrgFp0Fu7ZibOjAAxOdr5s1Lb/FmLND+9Wmk/TdYTgWF19FI0ugU1U3PthkA=="
    }
  }
}
